
Microsoft Visual Studio Solution File, Format Version 12.00
# Visual Studio Version 16
VisualStudioVersion = 16.0.29021.104
MinimumVisualStudioVersion = 10.0.40219.1
Project("{9A19103F-16F7-4668-BE54-9A1E7A4F7556}") = "UtcMilliTime", "UtcMilliTime\UtcMilliTime.csproj", "{6BFD5630-BA67-4DBD-9D8A-EE7F66C2C7BD}"
EndProject
Project("{9A19103F-16F7-4668-BE54-9A1E7A4F7556}") = "Runner", "Runner\Runner.csproj", "{EFEF93C1-0088-45FB-BC06-D430A0155BBA}"
EndProject
Global
	GlobalSection(SolutionConfigurationPlatforms) = preSolution
		Debug|Any CPU = Debug|Any CPU
		Release|Any CPU = Release|Any CPU
	EndGlobalSection
	GlobalSection(ProjectConfigurationPlatforms) = postSolution
		{6BFD5630-BA67-4DBD-9D8A-EE7F66C2C7BD}.Debug|Any CPU.ActiveCfg = Debug|Any CPU
		{6BFD5630-BA67-4DBD-9D8A-EE7F66C2C7BD}.Debug|Any CPU.Build.0 = Debug|Any CPU
		{6BFD5630-BA67-4DBD-9D8A-EE7F66C2C7BD}.Release|Any CPU.ActiveCfg = Release|Any CPU
		{6BFD5630-BA67-4DBD-9D8A-EE7F66C2C7BD}.Release|Any CPU.Build.0 = Release|Any CPU
		{EFEF93C1-0088-45FB-BC06-D430A0155BBA}.Debug|Any CPU.ActiveCfg = Debug|Any CPU
		{EFEF93C1-0088-45FB-BC06-D430A0155BBA}.Debug|Any CPU.Build.0 = Debug|Any CPU
		{EFEF93C1-0088-45FB-BC06-D430A0155BBA}.Release|Any CPU.ActiveCfg = Release|Any CPU
		{EFEF93C1-0088-45FB-BC06-D430A0155BBA}.Release|Any CPU.Build.0 = Release|Any CPU
	EndGlobalSection
	GlobalSection(SolutionProperties) = preSolution
		HideSolutionNode = FALSE
	EndGlobalSection
	GlobalSection(ExtensibilityGlobals) = postSolution
		SolutionGuid = {F634A1D2-D9BD-49AE-9257-93FB3CD50CF6}
	EndGlobalSection
EndGlobal
